// !$*UTF8*$!
{
	archiveVersion = 1;
	classes = {
	};
	objectVersion = 48;
	objects = {

/* Begin PBXBuildFile section */
		324B2406FE72C7CB051A7A31 /* Pods_ShimmerFB.framework in Frameworks */ = {isa = PBXBuildFile; fileRef = 1EFB0F96685DB12316793DEE /* Pods_ShimmerFB.framework */; };
		3BA67205207BC9E400E79935 /* AppDelegate.swift in Sources */ = {isa = PBXBuildFile; fileRef = 3BA67204207BC9E400E79935 /* AppDelegate.swift */; };
		3BA67207207BC9E400E79935 /* ViewController.swift in Sources */ = {isa = PBXBuildFile; fileRef = 3BA67206207BC9E400E79935 /* ViewController.swift */; };
		3BA6720A207BC9E400E79935 /* Main.storyboard in Resources */ = {isa = PBXBuildFile; fileRef = 3BA67208207BC9E400E79935 /* Main.storyboard */; };
		3BA6720C207BC9E400E79935 /* Assets.xcassets in Resources */ = {isa = PBXBuildFile; fileRef = 3BA6720B207BC9E400E79935 /* Assets.xcassets */; };
		3BA6720F207BC9E400E79935 /* LaunchScreen.storyboard in Resources */ = {isa = PBXBuildFile; fileRef = 3BA6720D207BC9E400E79935 /* LaunchScreen.storyboard */; };
/* End PBXBuildFile section */

/* Begin PBXFileReference section */
		1EFB0F96685DB12316793DEE /* Pods_ShimmerFB.framework */ = {isa = PBXFileReference; explicitFileType = wrapper.framework; includeInIndex = 0; path = Pods_ShimmerFB.framework; sourceTree = BUILT_PRODUCTS_DIR; };
		3BA67201207BC9E400E79935 /* ShimmerFB.app */ = {isa = PBXFileReference; explicitFileType = wrapper.application; includeInIndex = 0; path = ShimmerFB.app; sourceTree = BUILT_PRODUCTS_DIR; };
		3BA67204207BC9E400E79935 /* AppDelegate.swift */ = {isa = PBXFileReference; lastKnownFileType = sourcecode.swift; path = AppDelegate.swift; sourceTree = "<group>"; };
		3BA67206207BC9E400E79935 /* ViewController.swift */ = {isa = PBXFileReference; lastKnownFileType = sourcecode.swift; path = ViewController.swift; sourceTree = "<group>"; };
		3BA67209207BC9E400E79935 /* Base */ = {isa = PBXFileReference; lastKnownFileType = file.storyboard; name = Base; path = Base.lproj/Main.storyboard; sourceTree = "<group>"; };
		3BA6720B207BC9E400E79935 /* Assets.xcassets */ = {isa = PBXFileReference; lastKnownFileType = folder.assetcatalog; path = Assets.xcassets; sourceTree = "<group>"; };
		3BA6720E207BC9E400E79935 /* Base */ = {isa = PBXFileReference; lastKnownFileType = file.storyboard; name = Base; path = Base.lproj/LaunchScreen.storyboard; sourceTree = "<group>"; };
		3BA67210207BC9E400E79935 /* Info.plist */ = {isa = PBXFileReference; lastKnownFileType = text.plist.xml; path = Info.plist; sourceTree = "<group>"; };
		3BA67216207BCA4100E79935 /* BridgeHeader.h */ = {isa = PBXFileReference; lastKnownFileType = sourcecode.c.h; path = BridgeHeader.h; sourceTree = "<group>"; };
		A9DE63123554A590C6088DE9 /* Pods-ShimmerFB.release.xcconfig */ = {isa = PBXFileReference; includeInIndex = 1; lastKnownFileType = text.xcconfig; name = "Pods-ShimmerFB.release.xcconfig"; path = "Pods/Target Support Files/Pods-ShimmerFB/Pods-ShimmerFB.release.xcconfig"; sourceTree = "<group>"; };
		C36234C78E0FEEB8B3D7DFC8 /* Pods-ShimmerFB.debug.xcconfig */ = {isa = PBXFileReference; includeInIndex = 1; lastKnownFileType = text.xcconfig; name = "Pods-ShimmerFB.debug.xcconfig"; path = "Pods/Target Support Files/Pods-ShimmerFB/Pods-ShimmerFB.debug.xcconfig"; sourceTree = "<group>"; };
/* End PBXFileReference section */

/* Begin PBXFrameworksBuildPhase section */
		3BA671FE207BC9E400E79935 /* Frameworks */ = {
			isa = PBXFrameworksBuildPhase;
			buildActionMask = 2147483647;
			files = (
				324B2406FE72C7CB051A7A31 /* Pods_ShimmerFB.framework in Frameworks */,
			);
			runOnlyForDeploymentPostprocessing = 0;
		};
/* End PBXFrameworksBuildPhase section */

/* Begin PBXGroup section */
		0C2990CEC7A1FFB22431E5F2 /* Pods */ = {
			isa = PBXGroup;
			children = (
				C36234C78E0FEEB8B3D7DFC8 /* Pods-ShimmerFB.debug.xcconfig */,
				A9DE63123554A590C6088DE9 /* Pods-ShimmerFB.release.xcconfig */,
			);
			name = Pods;
			sourceTree = "<group>";
		};
		3BA671F8207BC9E400E79935 = {
			isa = PBXGroup;
			children = (
				3BA67203207BC9E400E79935 /* ShimmerFB */,
				3BA67202207BC9E400E79935 /* Products */,
				0C2990CEC7A1FFB22431E5F2 /* Pods */,
				BC265E0E08D97EE8A256B231 /* Frameworks */,
			);
			sourceTree = "<group>";
		};
		3BA67202207BC9E400E79935 /* Products */ = {
			isa = PBXGroup;
			children = (
				3BA67201207BC9E400E79935 /* ShimmerFB.app */,
			);
			name = Products;
			sourceTree = "<group>";
		};
		3BA67203207BC9E400E79935 /* ShimmerFB */ = {
			isa = PBXGroup;
			children = (
				3BA67216207BCA4100E79935 /* BridgeHeader.h */,
				3BA67204207BC9E400E79935 /* AppDelegate.swift */,
				3BA67206207BC9E400E79935 /* ViewController.swift */,
				3BA67208207BC9E400E79935 /* Main.storyboard */,
				3BA6720B207BC9E400E79935 /* Assets.xcassets */,
				3BA6720D207BC9E400E79935 /* LaunchScreen.storyboard */,
				3BA67210207BC9E400E79935 /* Info.plist */,
			);
			path = ShimmerFB;
			sourceTree = "<group>";
		};
		BC265E0E08D97EE8A256B231 /* Frameworks */ = {
			isa = PBXGroup;
			children = (
				1EFB0F96685DB12316793DEE /* Pods_ShimmerFB.framework */,
			);
			name = Frameworks;
			sourceTree = "<group>";
		};
/* End PBXGroup section */

/* Begin PBXNativeTarget section */
		3BA67200207BC9E400E79935 /* ShimmerFB */ = {
			isa = PBXNativeTarget;
			buildConfigurationList = 3BA67213207BC9E400E79935 /* Build configuration list for PBXNativeTarget "ShimmerFB" */;
			buildPhases = (
				C91DFE890352F7EC889A6AA4 /* [CP] Check Pods Manifest.lock */,
				3BA671FD207BC9E400E79935 /* Sources */,
				3BA671FE207BC9E400E79935 /* Frameworks */,
				3BA671FF207BC9E400E79935 /* Resources */,
				78E882A2D6898DC0861EF755 /* [CP] Embed Pods Frameworks */,
				833922B0F7040A3AB578098B /* [CP] Copy Pods Resources */,
			);
			buildRules = (
			);
			dependencies = (
			);
			name = ShimmerFB;
			productName = ShimmerFB;
			productReference = 3BA67201207BC9E400E79935 /* ShimmerFB.app */;
			productType = "com.apple.product-type.application";
		};
/* End PBXNativeTarget section */

/* Begin PBXProject section */
		3BA671F9207BC9E400E79935 /* Project object */ = {
			isa = PBXProject;
			attributes = {
				LastSwiftUpdateCheck = 0920;
				LastUpgradeCheck = 0920;
				ORGANIZATIONNAME = "Jayant Arora";
				TargetAttributes = {
					3BA67200207BC9E400E79935 = {
						CreatedOnToolsVersion = 9.2;
						ProvisioningStyle = Automatic;
					};
				};
			};
			buildConfigurationList = 3BA671FC207BC9E400E79935 /* Build configuration list for PBXProject "ShimmerFB" */;
			compatibilityVersion = "Xcode 8.0";
			developmentRegion = en;
			hasScannedForEncodings = 0;
			knownRegions = (
				en,
				Base,
			);
			mainGroup = 3BA671F8207BC9E400E79935;
			productRefGroup = 3BA67202207BC9E400E79935 /* Products */;
			projectDirPath = "";
			projectRoot = "";
			targets = (
				3BA67200207BC9E400E79935 /* ShimmerFB */,
			);
		};
/* End PBXProject section */

/* Begin PBXResourcesBuildPhase section */
		3BA671FF207BC9E400E79935 /* Resources */ = {
			isa = PBXResourcesBuildPhase;
			buildActionMask = 2147483647;
			files = (
				3BA6720F207BC9E400E79935 /* LaunchScreen.storyboard in Resources */,
				3BA6720C207BC9E400E79935 /* Assets.xcassets in Resources */,
				3BA6720A207BC9E400E79935 /* Main.storyboard in Resources */,
			);
			runOnlyForDeploymentPostprocessing = 0;
		};
/* End PBXResourcesBuildPhase section */

/* Begin PBXShellScriptBuildPhase section */
		78E882A2D6898DC0861EF755 /* [CP] Embed Pods Frameworks */ = {
			isa = PBXShellScriptBuildPhase;
			buildActionMask = 2147483647;
			files = (
			);
			inputPaths = (
				"${SRCROOT}/Pods/Target Support Files/Pods-ShimmerFB/Pods-ShimmerFB-frameworks.sh",
				"${BUILT_PRODUCTS_DIR}/Shimmer/Shimmer.framework",
			);
			name = "[CP] Embed Pods Frameworks";
			outputPaths = (
				"${TARGET_BUILD_DIR}/${FRAMEWORKS_FOLDER_PATH}/Shimmer.framework",
			);
			runOnlyForDeploymentPostprocessing = 0;
			shellPath = /bin/sh;
			shellScript = "\"${SRCROOT}/Pods/Target Support Files/Pods-ShimmerFB/Pods-ShimmerFB-frameworks.sh\"\n";
			showEnvVarsInLog = 0;
		};
		833922B0F7040A3AB578098B /* [CP] Copy Pods Resources */ = {
			isa = PBXShellScriptBuildPhase;
			buildActionMask = 2147483647;
			files = (
			);
			inputPaths = (
			);
			name = "[CP] Copy Pods Resources";
			outputPaths = (
			);
			runOnlyForDeploymentPostprocessing = 0;
			shellPath = /bin/sh;
			shellScript = "\"${SRCROOT}/Pods/Target Support Files/Pods-ShimmerFB/Pods-ShimmerFB-resources.sh\"\n";
			showEnvVarsInLog = 0;
		};
		C91DFE890352F7EC889A6AA4 /* [CP] Check Pods Manifest.lock */ = {
			isa = PBXShellScriptBuildPhase;
			buildActionMask = 2147483647;
			files = (
			);
			inputPaths = (
				"${PODS_PODFILE_DIR_PATH}/Podfile.lock",
				"${PODS_ROOT}/Manifest.lock",
			);
			name = "[CP] Check Pods Manifest.lock";
			outputPaths = (
				"$(DERIVED_FILE_DIR)/Pods-ShimmerFB-checkManifestLockResult.txt",
			);
			runOnlyForDeploymentPostprocessing = 0;
			shellPath = /bin/sh;
			shellScript = "diff \"${PODS_PODFILE_DIR_PATH}/Podfile.lock\" \"${PODS_ROOT}/Manifest.lock\" > /dev/null\nif [ $? != 0 ] ; then\n    # print error to STDERR\n    echo \"error: The sandbox is not in sync with the Podfile.lock. Run 'pod install' or update your CocoaPods installation.\" >&2\n    exit 1\nfi\n# This output is used by Xcode 'outputs' to avoid re-running this script phase.\necho \"SUCCESS\" > \"${SCRIPT_OUTPUT_FILE_0}\"\n";
			showEnvVarsInLog = 0;
		};
/* End PBXShellScriptBuildPhase section */

/* Begin PBXSourcesBuildPhase section */
		3BA671FD207BC9E400E79935 /* Sources */ = {
			isa = PBXSourcesBuildPhase;
			buildActionMask = 2147483647;
			files = (
				3BA67207207BC9E400E79935 /* ViewController.swift in Sources */,
				3BA67205207BC9E400E79935 /* AppDelegate.swift in Sources */,
			);
			runOnlyForDeploymentPostprocessing = 0;
		};
/* End PBXSourcesBuildPhase section */

/* Begin PBXVariantGroup section */
		3BA67208207BC9E400E79935 /* Main.storyboard */ = {
			isa = PBXVariantGroup;
			children = (
				3BA67209207BC9E400E79935 /* Base */,
			);
			name = Main.storyboard;
			sourceTree = "<group>";
		};
		3BA6720D207BC9E400E79935 /* LaunchScreen.storyboard */ = {
			isa = PBXVariantGroup;
			children = (
				3BA6720E207BC9E400E79935 /* Base */,
			);
			name = LaunchScreen.storyboard;
			sourceTree = "<group>";
		};
/* End PBXVariantGroup section */

/* Begin XCBuildConfiguration section */
		3BA67211207BC9E400E79935 /* Debug */ = {
			isa = XCBuildConfiguration;
			buildSettings = {
				ALWAYS_SEARCH_USER_PATHS = NO;
				CLANG_ANALYZER_NONNULL = YES;
				CLANG_ANALYZER_NUMBER_OBJECT_CONVERSION = YES_AGGRESSIVE;
				CLANG_CXX_LANGUAGE_STANDARD = "gnu++14";
				CLANG_CXX_LIBRARY = "libc++";
				CLANG_ENABLE_MODULES = YES;
				CLANG_ENABLE_OBJC_ARC = YES;
				CLANG_WARN_BLOCK_CAPTURE_AUTORELEASING = YES;
				CLANG_WARN_BOOL_CONVERSION = YES;
				CLANG_WARN_COMMA = YES;
				CLANG_WARN_CONSTANT_CONVERSION = YES;
				CLANG_WARN_DIRECT_OBJC_ISA_USAGE = YES_ERROR;
				CLANG_WARN_DOCUMENTATION_COMMENTS = YES;
				CLANG_WARN_EMPTY_BODY = YES;
				CLANG_WARN_ENUM_CONVERSION = YES;
				CLANG_WARN_INFINITE_RECURSION = YES;
				CLANG_WARN_INT_CONVERSION = YES;
				CLANG_WARN_NON_LITERAL_NULL_CONVERSION = YES;
				CLANG_WARN_OBJC_LITERAL_CONVERSION = YES;
				CLANG_WARN_OBJC_ROOT_CLASS = YES_ERROR;
				CLANG_WARN_RANGE_LOOP_ANALYSIS = YES;
				CLANG_WARN_STRICT_PROTOTYPES = YES;
				CLANG_WARN_SUSPICIOUS_MOVE = YES;
				CLANG_WARN_UNGUARDED_AVAILABILITY = YES_AGGRESSIVE;
				CLANG_WARN_UNREACHABLE_CODE = YES;
				CLANG_WARN__DUPLICATE_METHOD_MATCH = YES;
				CODE_SIGN_IDENTITY = "iPhone Developer";
				COPY_PHASE_STRIP = NO;
				DEBUG_INFORMATION_FORMAT = dwarf;
				ENABLE_STRICT_OBJC_MSGSEND = YES;
				ENABLE_TESTABILITY = YES;
				GCC_C_LANGUAGE_STANDARD = gnu11;
				GCC_DYNAMIC_NO_PIC = NO;
				GCC_NO_COMMON_BLOCKS = YES;
				GCC_OPTIMIZATION_LEVEL = 0;
				GCC_PREPROCESSOR_DEFINITIONS = (
					"DEBUG=1",
					"$(inherited)",
				);
				GCC_WARN_64_TO_32_BIT_CONVERSION = YES;
				GCC_WARN_ABOUT_RETURN_TYPE = YES_ERROR;
				GCC_WARN_UNDECLARED_SELECTOR = YES;
				GCC_WARN_UNINITIALIZED_AUTOS = YES_AGGRESSIVE;
				GCC_WARN_UNUSED_FUNCTION = YES;
				GCC_WARN_UNUSED_VARIABLE = YES;
				IPHONEOS_DEPLOYMENT_TARGET = 11.2;
				MTL_ENABLE_DEBUG_INFO = YES;
				ONLY_ACTIVE_ARCH = YES;
				SDKROOT = iphoneos;
				SWIFT_ACTIVE_COMPILATION_CONDITIONS = DEBUG;
				SWIFT_OPTIMIZATION_LEVEL = "-Onone";
			};
			name = Debug;
		};
		3BA67212207BC9E400E79935 /* Release */ = {
			isa = XCBuildConfiguration;
			buildSettings = {
				ALWAYS_SEARCH_USER_PATHS = NO;
				CLANG_ANALYZER_NONNULL = YES;
				CLANG_ANALYZER_NUMBER_OBJECT_CONVERSION = YES_AGGRESSIVE;
				CLANG_CXX_LANGUAGE_STANDARD = "gnu++14";
				CLANG_CXX_LIBRARY = "libc++";
				CLANG_ENABLE_MODULES = YES;
				CLANG_ENABLE_OBJC_ARC = YES;
				CLANG_WARN_BLOCK_CAPTURE_AUTORELEASING = YES;
				CLANG_WARN_BOOL_CONVERSION = YES;
				CLANG_WARN_COMMA = YES;
				CLANG_WARN_CONSTANT_CONVERSION = YES;
				CLANG_WARN_DIRECT_OBJC_ISA_USAGE = YES_ERROR;
				CLANG_WARN_DOCUMENTATION_COMMENTS = YES;
				CLANG_WARN_EMPTY_BODY = YES;
				CLANG_WARN_ENUM_CONVERSION = YES;
				CLANG_WARN_INFINITE_RECURSION = YES;
				CLANG_WARN_INT_CONVERSION = YES;
				CLANG_WARN_NON_LITERAL_NULL_CONVERSION = YES;
				CLANG_WARN_OBJC_LITERAL_CONVERSION = YES;
				CLANG_WARN_OBJC_ROOT_CLASS = YES_ERROR;
				CLANG_WARN_RANGE_LOOP_ANALYSIS = YES;
				CLANG_WARN_STRICT_PROTOTYPES = YES;
				CLANG_WARN_SUSPICIOUS_MOVE = YES;
				CLANG_WARN_UNGUARDED_AVAILABILITY = YES_AGGRESSIVE;
				CLANG_WARN_UNREACHABLE_CODE = YES;
				CLANG_WARN__DUPLICATE_METHOD_MATCH = YES;
				CODE_SIGN_IDENTITY = "iPhone Developer";
				COPY_PHASE_STRIP = NO;
				DEBUG_INFORMATION_FORMAT = "dwarf-with-dsym";
				ENABLE_NS_ASSERTIONS = NO;
				ENABLE_STRICT_OBJC_MSGSEND = YES;
				GCC_C_LANGUAGE_STANDARD = gnu11;
				GCC_NO_COMMON_BLOCKS = YES;
				GCC_WARN_64_TO_32_BIT_CONVERSION = YES;
				GCC_WARN_ABOUT_RETURN_TYPE = YES_ERROR;
				GCC_WARN_UNDECLARED_SELECTOR = YES;
				GCC_WARN_UNINITIALIZED_AUTOS = YES_AGGRESSIVE;
				GCC_WARN_UNUSED_FUNCTION = YES;
				GCC_WARN_UNUSED_VARIABLE = YES;
				IPHONEOS_DEPLOYMENT_TARGET = 11.2;
				MTL_ENABLE_DEBUG_INFO = NO;
				SDKROOT = iphoneos;
				SWIFT_OPTIMIZATION_LEVEL = "-Owholemodule";
				VALIDATE_PRODUCT = YES;
			};
			name = Release;
		};
		3BA67214207BC9E400E79935 /* Debug */ = {
			isa = XCBuildConfiguration;
			baseConfigurationReference = C36234C78E0FEEB8B3D7DFC8 /* Pods-ShimmerFB.debug.xcconfig */;
			buildSettings = {
				ASSETCATALOG_COMPILER_APPICON_NAME = AppIcon;
				CODE_SIGN_STYLE = Automatic;
				DEVELOPMENT_TEAM = 299A72ZY42;
				INFOPLIST_FILE = ShimmerFB/Info.plist;
				LD_RUNPATH_SEARCH_PATHS = "$(inherited) @executable_path/Frameworks";
				PRODUCT_BUNDLE_IDENTIFIER = com.vtinfo.jayant.arora.ShimmerFB;
				PRODUCT_NAME = "$(TARGET_NAME)";
				SWIFT_OBJC_BRIDGING_HEADER = ShimmerFB/BridgeHeader.h;
				SWIFT_VERSION = 4.0;
				TARGETED_DEVICE_FAMILY = "1,2";
			};
			name = Debug;
		};
		3BA67215207BC9E400E79935 /* Release */ = {
			isa = XCBuildConfiguration;
			baseConfigurationReference = A9DE63123554A590C6088DE9 /* Pods-ShimmerFB.release.xcconfig */;
			buildSettings = {
				ASSETCATALOG_COMPILER_APPICON_NAME = AppIcon;
				CODE_SIGN_STYLE = Automatic;
				DEVELOPMENT_TEAM = 299A72ZY42;
				INFOPLIST_FILE = ShimmerFB/Info.plist;
				LD_RUNPATH_SEARCH_PATHS = "$(inherited) @executable_path/Frameworks";
				PRODUCT_BUNDLE_IDENTIFIER = com.vtinfo.jayant.arora.ShimmerFB;
				PRODUCT_NAME = "$(TARGET_NAME)";
				SWIFT_OBJC_BRIDGING_HEADER = ShimmerFB/BridgeHeader.h;
				SWIFT_VERSION = 4.0;
				TARGETED_DEVICE_FAMILY = "1,2";
			};
			name = Release;
		};
/* End XCBuildConfiguration section */

/* Begin XCConfigurationList section */
		3BA671FC207BC9E400E79935 /* Build configuration list for PBXProject "ShimmerFB" */ = {
			isa = XCConfigurationList;
			buildConfigurations = (
				3BA67211207BC9E400E79935 /* Debug */,
				3BA67212207BC9E400E79935 /* Release */,
			);
			defaultConfigurationIsVisible = 0;
			defaultConfigurationName = Release;
		};
		3BA67213207BC9E400E79935 /* Build configuration list for PBXNativeTarget "ShimmerFB" */ = {
			isa = XCConfigurationList;
			buildConfigurations = (
				3BA67214207BC9E400E79935 /* Debug */,
				3BA67215207BC9E400E79935 /* Release */,
			);
			defaultConfigurationIsVisible = 0;
			defaultConfigurationName = Release;
		};
/* End XCConfigurationList section */
	};
	rootObject = 3BA671F9207BC9E400E79935 /* Project object */;
}
